
Microsoft Visual Studio Solution File, Format Version 12.00
# Visual Studio 15
VisualStudioVersion = 15.0.28307.1169
MinimumVisualStudioVersion = 10.0.40219.1
Project("{9092AA53-FB77-4645-B42D-1CCCA6BD08BD}") = "Shinsur", "Shinsur.njsproj", "{58A3F4FF-D4F9-4DEF-BAA0-4A19F2B5CD03}"
EndProject
Global
	GlobalSection(SolutionConfigurationPlatforms) = preSolution
		Debug|Any CPU = Debug|Any CPU
		Release|Any CPU = Release|Any CPU
	EndGlobalSection
	GlobalSection(ProjectConfigurationPlatforms) = postSolution
		{58A3F4FF-D4F9-4DEF-BAA0-4A19F2B5CD03}.Debug|Any CPU.ActiveCfg = Debug|Any CPU
		{58A3F4FF-D4F9-4DEF-BAA0-4A19F2B5CD03}.Debug|Any CPU.Build.0 = Debug|Any CPU
		{58A3F4FF-D4F9-4DEF-BAA0-4A19F2B5CD03}.Release|Any CPU.ActiveCfg = Release|Any CPU
		{58A3F4FF-D4F9-4DEF-BAA0-4A19F2B5CD03}.Release|Any CPU.Build.0 = Release|Any CPU
	EndGlobalSection
	GlobalSection(SolutionProperties) = preSolution
		HideSolutionNode = FALSE
	EndGlobalSection
	GlobalSection(ExtensibilityGlobals) = postSolution
		SolutionGuid = {22A220C1-CEA1-4F28-A65C-57B419D69B2B}
	EndGlobalSection
EndGlobal
